
Microsoft Visual Studio Solution File, Format Version 12.00
# Visual Studio 15
VisualStudioVersion = 15.0.27703.2018
MinimumVisualStudioVersion = 10.0.40219.1
Project("{FAE04EC0-301F-11D3-BF4B-00C04F79EFBC}") = "MarcAutomationTest", "MarcAutomationTest\MarcAutomationTest.csproj", "{8C269DB3-2368-4ACD-AAF5-61E1908DE6AF}"
EndProject
Global
	GlobalSection(SolutionConfigurationPlatforms) = preSolution
		Debug|Any CPU = Debug|Any CPU
		Release|Any CPU = Release|Any CPU
	EndGlobalSection
	GlobalSection(ProjectConfigurationPlatforms) = postSolution
		{8C269DB3-2368-4ACD-AAF5-61E1908DE6AF}.Debug|Any CPU.ActiveCfg = Debug|Any CPU
		{8C269DB3-2368-4ACD-AAF5-61E1908DE6AF}.Debug|Any CPU.Build.0 = Debug|Any CPU
		{8C269DB3-2368-4ACD-AAF5-61E1908DE6AF}.Release|Any CPU.ActiveCfg = Release|Any CPU
		{8C269DB3-2368-4ACD-AAF5-61E1908DE6AF}.Release|Any CPU.Build.0 = Release|Any CPU
	EndGlobalSection
	GlobalSection(SolutionProperties) = preSolution
		HideSolutionNode = FALSE
	EndGlobalSection
	GlobalSection(ExtensibilityGlobals) = postSolution
		SolutionGuid = {AF396BE6-35D7-46B3-A553-6708568E3ADA}
	EndGlobalSection
EndGlobal
